# THIS IS AN AUTOGENERATED FILE. DO NOT EDIT THIS FILE DIRECTLY.
# yarn lockfile v1


"@types/node@^11.13.0":
  version "11.13.0"
  resolved "https://registry.yarnpkg.com/@types/node/-/node-11.13.0.tgz#b0df8d6ef9b5001b2be3a94d909ce3c29a80f9e1"
  integrity sha512-rx29MMkRdVmzunmiA4lzBYJNnXsW/PhG4kMBy2ATsYaDjGGR75dCFEVVROKpNwlVdcUX3xxlghKQOeDPBJobng==

typescript@^3.4.1:
  version "3.4.1"
  resolved "https://registry.yarnpkg.com/typescript/-/typescript-3.4.1.tgz#b6691be11a881ffa9a05765a205cb7383f3b63c6"
  integrity sha512-3NSMb2VzDQm8oBTLH6Nj55VVtUEpe/rgkIzMir0qVoLyjDZlnMBva0U6vDiV3IH+sl/Yu6oP5QwsAQtHPmDd2Q==
